// !$*UTF8*$!
{
	archiveVersion = 1;
	classes = {
	};
	objectVersion = 77;
	objects = {

/* Begin PBXBuildFile section */
		3AAD78622D94708E00509112 /* Alamofire in Frameworks */ = {isa = PBXBuildFile; productRef = 3AAD78612D94708E00509112 /* Alamofire */; };
		3AAD78652D9470B100509112 /* ObjectMapper in Frameworks */ = {isa = PBXBuildFile; productRef = 3AAD78642D9470B100509112 /* ObjectMapper */; };
		3AAD78682D94714100509112 /* IQKeyboardManagerSwift in Frameworks */ = {isa = PBXBuildFile; productRef = 3AAD78672D94714100509112 /* IQKeyboardManagerSwift */; };
		3ACAAB962D95595A005DB7F1 /* SideMenu in Frameworks */ = {isa = PBXBuildFile; productRef = 3ACAAB952D95595A005DB7F1 /* SideMenu */; };
/* End PBXBuildFile section */

/* Begin PBXContainerItemProxy section */
		3AAD774F2D94687600509112 /* PBXContainerItemProxy */ = {
			isa = PBXContainerItemProxy;
			containerPortal = 3AAD77302D94687200509112 /* Project object */;
			proxyType = 1;
			remoteGlobalIDString = 3AAD77372D94687200509112;
			remoteInfo = "cowrywise-currency-konvat";
		};
		3AAD77592D94687600509112 /* PBXContainerItemProxy */ = {
			isa = PBXContainerItemProxy;
			containerPortal = 3AAD77302D94687200509112 /* Project object */;
			proxyType = 1;
			remoteGlobalIDString = 3AAD77372D94687200509112;
			remoteInfo = "cowrywise-currency-konvat";
		};
/* End PBXContainerItemProxy section */

/* Begin PBXFileReference section */
		3AAD77382D94687200509112 /* cowrywise-currency-konvat.app */ = {isa = PBXFileReference; explicitFileType = wrapper.application; includeInIndex = 0; path = "cowrywise-currency-konvat.app"; sourceTree = BUILT_PRODUCTS_DIR; };
		3AAD774E2D94687600509112 /* cowrywise-currency-konvatTests.xctest */ = {isa = PBXFileReference; explicitFileType = wrapper.cfbundle; includeInIndex = 0; path = "cowrywise-currency-konvatTests.xctest"; sourceTree = BUILT_PRODUCTS_DIR; };
		3AAD77582D94687600509112 /* cowrywise-currency-konvatUITests.xctest */ = {isa = PBXFileReference; explicitFileType = wrapper.cfbundle; includeInIndex = 0; path = "cowrywise-currency-konvatUITests.xctest"; sourceTree = BUILT_PRODUCTS_DIR; };
/* End PBXFileReference section */

/* Begin PBXFileSystemSynchronizedBuildFileExceptionSet section */
		3AAD77602D94687600509112 /* Exceptions for "cowrywise-currency-konvat" folder in "cowrywise-currency-konvat" target */ = {
			isa = PBXFileSystemSynchronizedBuildFileExceptionSet;
			membershipExceptions = (
				Info.plist,
			);
			target = 3AAD77372D94687200509112 /* cowrywise-currency-konvat */;
		};
/* End PBXFileSystemSynchronizedBuildFileExceptionSet section */

/* Begin PBXFileSystemSynchronizedRootGroup section */
		3AAD773A2D94687200509112 /* cowrywise-currency-konvat */ = {
			isa = PBXFileSystemSynchronizedRootGroup;
			exceptions = (
				3AAD77602D94687600509112 /* Exceptions for "cowrywise-currency-konvat" folder in "cowrywise-currency-konvat" target */,
			);
			path = "cowrywise-currency-konvat";
			sourceTree = "<group>";
		};
		3AAD77512D94687600509112 /* cowrywise-currency-konvatTests */ = {
			isa = PBXFileSystemSynchronizedRootGroup;
			path = "cowrywise-currency-konvatTests";
			sourceTree = "<group>";
		};
		3AAD775B2D94687600509112 /* cowrywise-currency-konvatUITests */ = {
			isa = PBXFileSystemSynchronizedRootGroup;
			path = "cowrywise-currency-konvatUITests";
			sourceTree = "<group>";
		};
/* End PBXFileSystemSynchronizedRootGroup section */

/* Begin PBXFrameworksBuildPhase section */
		3AAD77352D94687200509112 /* Frameworks */ = {
			isa = PBXFrameworksBuildPhase;
			buildActionMask = 2147483647;
			files = (
				3AAD78652D9470B100509112 /* ObjectMapper in Frameworks */,
				3AAD78622D94708E00509112 /* Alamofire in Frameworks */,
				3ACAAB962D95595A005DB7F1 /* SideMenu in Frameworks */,
				3AAD78682D94714100509112 /* IQKeyboardManagerSwift in Frameworks */,
			);
			runOnlyForDeploymentPostprocessing = 0;
		};
		3AAD774B2D94687600509112 /* Frameworks */ = {
			isa = PBXFrameworksBuildPhase;
			buildActionMask = 2147483647;
			files = (
			);
			runOnlyForDeploymentPostprocessing = 0;
		};
		3AAD77552D94687600509112 /* Frameworks */ = {
			isa = PBXFrameworksBuildPhase;
			buildActionMask = 2147483647;
			files = (
			);
			runOnlyForDeploymentPostprocessing = 0;
		};
/* End PBXFrameworksBuildPhase section */

/* Begin PBXGroup section */
		3AAD772F2D94687200509112 = {
			isa = PBXGroup;
			children = (
				3AAD773A2D94687200509112 /* cowrywise-currency-konvat */,
				3AAD77512D94687600509112 /* cowrywise-currency-konvatTests */,
				3AAD775B2D94687600509112 /* cowrywise-currency-konvatUITests */,
				3AAD77392D94687200509112 /* Products */,
			);
			sourceTree = "<group>";
		};
		3AAD77392D94687200509112 /* Products */ = {
			isa = PBXGroup;
			children = (
				3AAD77382D94687200509112 /* cowrywise-currency-konvat.app */,
				3AAD774E2D94687600509112 /* cowrywise-currency-konvatTests.xctest */,
				3AAD77582D94687600509112 /* cowrywise-currency-konvatUITests.xctest */,
			);
			name = Products;
			sourceTree = "<group>";
		};
/* End PBXGroup section */

/* Begin PBXNativeTarget section */
		3AAD77372D94687200509112 /* cowrywise-currency-konvat */ = {
			isa = PBXNativeTarget;
			buildConfigurationList = 3AAD77612D94687600509112 /* Build configuration list for PBXNativeTarget "cowrywise-currency-konvat" */;
			buildPhases = (
				3AAD77342D94687200509112 /* Sources */,
				3AAD77352D94687200509112 /* Frameworks */,
				3AAD77362D94687200509112 /* Resources */,
			);
			buildRules = (
			);
			dependencies = (
			);
			fileSystemSynchronizedGroups = (
				3AAD773A2D94687200509112 /* cowrywise-currency-konvat */,
			);
			name = "cowrywise-currency-konvat";
			packageProductDependencies = (
				3AAD78612D94708E00509112 /* Alamofire */,
				3AAD78642D9470B100509112 /* ObjectMapper */,
				3AAD78672D94714100509112 /* IQKeyboardManagerSwift */,
				3ACAAB952D95595A005DB7F1 /* SideMenu */,
			);
			productName = "cowrywise-currency-konvat";
			productReference = 3AAD77382D94687200509112 /* cowrywise-currency-konvat.app */;
			productType = "com.apple.product-type.application";
		};
		3AAD774D2D94687600509112 /* cowrywise-currency-konvatTests */ = {
			isa = PBXNativeTarget;
			buildConfigurationList = 3AAD77662D94687600509112 /* Build configuration list for PBXNativeTarget "cowrywise-currency-konvatTests" */;
			buildPhases = (
				3AAD774A2D94687600509112 /* Sources */,
				3AAD774B2D94687600509112 /* Frameworks */,
				3AAD774C2D94687600509112 /* Resources */,
			);
			buildRules = (
			);
			dependencies = (
				3AAD77502D94687600509112 /* PBXTargetDependency */,
			);
			fileSystemSynchronizedGroups = (
				3AAD77512D94687600509112 /* cowrywise-currency-konvatTests */,
			);
			name = "cowrywise-currency-konvatTests";
			packageProductDependencies = (
			);
			productName = "cowrywise-currency-konvatTests";
			productReference = 3AAD774E2D94687600509112 /* cowrywise-currency-konvatTests.xctest */;
			productType = "com.apple.product-type.bundle.unit-test";
		};
		3AAD77572D94687600509112 /* cowrywise-currency-konvatUITests */ = {
			isa = PBXNativeTarget;
			buildConfigurationList = 3AAD77692D94687600509112 /* Build configuration list for PBXNativeTarget "cowrywise-currency-konvatUITests" */;
			buildPhases = (
				3AAD77542D94687600509112 /* Sources */,
				3AAD77552D94687600509112 /* Frameworks */,
				3AAD77562D94687600509112 /* Resources */,
			);
			buildRules = (
			);
			dependencies = (
				3AAD775A2D94687600509112 /* PBXTargetDependency */,
			);
			fileSystemSynchronizedGroups = (
				3AAD775B2D94687600509112 /* cowrywise-currency-konvatUITests */,
			);
			name = "cowrywise-currency-konvatUITests";
			packageProductDependencies = (
			);
			productName = "cowrywise-currency-konvatUITests";
			productReference = 3AAD77582D94687600509112 /* cowrywise-currency-konvatUITests.xctest */;
			productType = "com.apple.product-type.bundle.ui-testing";
		};
/* End PBXNativeTarget section */

/* Begin PBXProject section */
		3AAD77302D94687200509112 /* Project object */ = {
			isa = PBXProject;
			attributes = {
				BuildIndependentTargetsInParallel = 1;
				LastSwiftUpdateCheck = 1610;
				LastUpgradeCheck = 1610;
				TargetAttributes = {
					3AAD77372D94687200509112 = {
						CreatedOnToolsVersion = 16.1;
					};
					3AAD774D2D94687600509112 = {
						CreatedOnToolsVersion = 16.1;
						TestTargetID = 3AAD77372D94687200509112;
					};
					3AAD77572D94687600509112 = {
						CreatedOnToolsVersion = 16.1;
						TestTargetID = 3AAD77372D94687200509112;
					};
				};
			};
			buildConfigurationList = 3AAD77332D94687200509112 /* Build configuration list for PBXProject "cowrywise-currency-konvat" */;
			developmentRegion = en;
			hasScannedForEncodings = 0;
			knownRegions = (
				en,
				Base,
			);
			mainGroup = 3AAD772F2D94687200509112;
			minimizedProjectReferenceProxies = 1;
			packageReferences = (
				3AAD78602D94708E00509112 /* XCRemoteSwiftPackageReference "Alamofire" */,
				3AAD78632D9470B100509112 /* XCRemoteSwiftPackageReference "ObjectMapper" */,
				3AAD78662D94714100509112 /* XCRemoteSwiftPackageReference "IQKeyboardManager" */,
				3ACAAB942D95595A005DB7F1 /* XCRemoteSwiftPackageReference "SideMenu" */,
			);
			preferredProjectObjectVersion = 77;
			productRefGroup = 3AAD77392D94687200509112 /* Products */;
			projectDirPath = "";
			projectRoot = "";
			targets = (
				3AAD77372D94687200509112 /* cowrywise-currency-konvat */,
				3AAD774D2D94687600509112 /* cowrywise-currency-konvatTests */,
				3AAD77572D94687600509112 /* cowrywise-currency-konvatUITests */,
			);
		};
/* End PBXProject section */

/* Begin PBXResourcesBuildPhase section */
		3AAD77362D94687200509112 /* Resources */ = {
			isa = PBXResourcesBuildPhase;
			buildActionMask = 2147483647;
			files = (
			);
			runOnlyForDeploymentPostprocessing = 0;
		};
		3AAD774C2D94687600509112 /* Resources */ = {
			isa = PBXResourcesBuildPhase;
			buildActionMask = 2147483647;
			files = (
			);
			runOnlyForDeploymentPostprocessing = 0;
		};
		3AAD77562D94687600509112 /* Resources */ = {
			isa = PBXResourcesBuildPhase;
			buildActionMask = 2147483647;
			files = (
			);
			runOnlyForDeploymentPostprocessing = 0;
		};
/* End PBXResourcesBuildPhase section */

/* Begin PBXSourcesBuildPhase section */
		3AAD77342D94687200509112 /* Sources */ = {
			isa = PBXSourcesBuildPhase;
			buildActionMask = 2147483647;
			files = (
			);
			runOnlyForDeploymentPostprocessing = 0;
		};
		3AAD774A2D94687600509112 /* Sources */ = {
			isa = PBXSourcesBuildPhase;
			buildActionMask = 2147483647;
			files = (
			);
			runOnlyForDeploymentPostprocessing = 0;
		};
		3AAD77542D94687600509112 /* Sources */ = {
			isa = PBXSourcesBuildPhase;
			buildActionMask = 2147483647;
			files = (
			);
			runOnlyForDeploymentPostprocessing = 0;
		};
/* End PBXSourcesBuildPhase section */

/* Begin PBXTargetDependency section */
		3AAD77502D94687600509112 /* PBXTargetDependency */ = {
			isa = PBXTargetDependency;
			target = 3AAD77372D94687200509112 /* cowrywise-currency-konvat */;
			targetProxy = 3AAD774F2D94687600509112 /* PBXContainerItemProxy */;
		};
		3AAD775A2D94687600509112 /* PBXTargetDependency */ = {
			isa = PBXTargetDependency;
			target = 3AAD77372D94687200509112 /* cowrywise-currency-konvat */;
			targetProxy = 3AAD77592D94687600509112 /* PBXContainerItemProxy */;
		};
/* End PBXTargetDependency section */

/* Begin XCBuildConfiguration section */
		3AAD77622D94687600509112 /* Debug */ = {
			isa = XCBuildConfiguration;
			buildSettings = {
				ASSETCATALOG_COMPILER_APPICON_NAME = AppIcon;
				ASSETCATALOG_COMPILER_GLOBAL_ACCENT_COLOR_NAME = AccentColor;
				CODE_SIGN_STYLE = Automatic;
				CURRENT_PROJECT_VERSION = 1;
				DEVELOPMENT_TEAM = LWU8V4B258;
				GENERATE_INFOPLIST_FILE = YES;
				INFOPLIST_FILE = "cowrywise-currency-konvat/Info.plist";
				INFOPLIST_KEY_UIApplicationSupportsIndirectInputEvents = YES;
				INFOPLIST_KEY_UILaunchStoryboardName = LaunchScreen;
				INFOPLIST_KEY_UIMainStoryboardFile = Main;
				INFOPLIST_KEY_UIStatusBarStyle = UIStatusBarStyleLightContent;
				INFOPLIST_KEY_UISupportedInterfaceOrientations = "UIInterfaceOrientationPortrait UIInterfaceOrientationPortraitUpsideDown";
				INFOPLIST_KEY_UISupportedInterfaceOrientations_iPad = UIInterfaceOrientationPortrait;
				INFOPLIST_KEY_UIUserInterfaceStyle = Light;
				IPHONEOS_DEPLOYMENT_TARGET = 15.6;
				LD_RUNPATH_SEARCH_PATHS = (
					"$(inherited)",
					"@executable_path/Frameworks",
				);
				MARKETING_VERSION = 1.0.0;
				PRODUCT_BUNDLE_IDENTIFIER = "com.cowrywise-currency-konvat";
				PRODUCT_NAME = "$(TARGET_NAME)";
				SWIFT_EMIT_LOC_STRINGS = YES;
				SWIFT_VERSION = 5.0;
				TARGETED_DEVICE_FAMILY = "1,2";
			};
			name = Debug;
		};
		3AAD77632D94687600509112 /* Release */ = {
			isa = XCBuildConfiguration;
			buildSettings = {
				ASSETCATALOG_COMPILER_APPICON_NAME = AppIcon;
				ASSETCATALOG_COMPILER_GLOBAL_ACCENT_COLOR_NAME = AccentColor;
				CODE_SIGN_STYLE = Automatic;
				CURRENT_PROJECT_VERSION = 1;
				DEVELOPMENT_TEAM = LWU8V4B258;
				GENERATE_INFOPLIST_FILE = YES;
				INFOPLIST_FILE = "cowrywise-currency-konvat/Info.plist";
				INFOPLIST_KEY_UIApplicationSupportsIndirectInputEvents = YES;
				INFOPLIST_KEY_UILaunchStoryboardName = LaunchScreen;
				INFOPLIST_KEY_UIMainStoryboardFile = Main;
				INFOPLIST_KEY_UIStatusBarStyle = UIStatusBarStyleLightContent;
				INFOPLIST_KEY_UISupportedInterfaceOrientations = "UIInterfaceOrientationPortrait UIInterfaceOrientationPortraitUpsideDown";
				INFOPLIST_KEY_UISupportedInterfaceOrientations_iPad = UIInterfaceOrientationPortrait;
				INFOPLIST_KEY_UIUserInterfaceStyle = Light;
				IPHONEOS_DEPLOYMENT_TARGET = 15.6;
				LD_RUNPATH_SEARCH_PATHS = (
					"$(inherited)",
					"@executable_path/Frameworks",
				);
				MARKETING_VERSION = 1.0.0;
				PRODUCT_BUNDLE_IDENTIFIER = "com.cowrywise-currency-konvat";
				PRODUCT_NAME = "$(TARGET_NAME)";
				SWIFT_EMIT_LOC_STRINGS = YES;
				SWIFT_VERSION = 5.0;
				TARGETED_DEVICE_FAMILY = "1,2";
			};
			name = Release;
		};
		3AAD77642D94687600509112 /* Debug */ = {
			isa = XCBuildConfiguration;
			buildSettings = {
				ALWAYS_SEARCH_USER_PATHS = NO;
				ASSETCATALOG_COMPILER_GENERATE_SWIFT_ASSET_SYMBOL_EXTENSIONS = YES;
				CLANG_ANALYZER_NONNULL = YES;
				CLANG_ANALYZER_NUMBER_OBJECT_CONVERSION = YES_AGGRESSIVE;
				CLANG_CXX_LANGUAGE_STANDARD = "gnu++20";
				CLANG_ENABLE_MODULES = YES;
				CLANG_ENABLE_OBJC_ARC = YES;
				CLANG_ENABLE_OBJC_WEAK = YES;
				CLANG_WARN_BLOCK_CAPTURE_AUTORELEASING = YES;
				CLANG_WARN_BOOL_CONVERSION = YES;
				CLANG_WARN_COMMA = YES;
				CLANG_WARN_CONSTANT_CONVERSION = YES;
				CLANG_WARN_DEPRECATED_OBJC_IMPLEMENTATIONS = YES;
				CLANG_WARN_DIRECT_OBJC_ISA_USAGE = YES_ERROR;
				CLANG_WARN_DOCUMENTATION_COMMENTS = YES;
				CLANG_WARN_EMPTY_BODY = YES;
				CLANG_WARN_ENUM_CONVERSION = YES;
				CLANG_WARN_INFINITE_RECURSION = YES;
				CLANG_WARN_INT_CONVERSION = YES;
				CLANG_WARN_NON_LITERAL_NULL_CONVERSION = YES;
				CLANG_WARN_OBJC_IMPLICIT_RETAIN_SELF = YES;
				CLANG_WARN_OBJC_LITERAL_CONVERSION = YES;
				CLANG_WARN_OBJC_ROOT_CLASS = YES_ERROR;
				CLANG_WARN_QUOTED_INCLUDE_IN_FRAMEWORK_HEADER = YES;
				CLANG_WARN_RANGE_LOOP_ANALYSIS = YES;
				CLANG_WARN_STRICT_PROTOTYPES = YES;
				CLANG_WARN_SUSPICIOUS_MOVE = YES;
				CLANG_WARN_UNGUARDED_AVAILABILITY = YES_AGGRESSIVE;
				CLANG_WARN_UNREACHABLE_CODE = YES;
				CLANG_WARN__DUPLICATE_METHOD_MATCH = YES;
				COPY_PHASE_STRIP = NO;
				DEBUG_INFORMATION_FORMAT = dwarf;
				ENABLE_STRICT_OBJC_MSGSEND = YES;
				ENABLE_TESTABILITY = YES;
				ENABLE_USER_SCRIPT_SANDBOXING = YES;
				GCC_C_LANGUAGE_STANDARD = gnu17;
				GCC_DYNAMIC_NO_PIC = NO;
				GCC_NO_COMMON_BLOCKS = YES;
				GCC_OPTIMIZATION_LEVEL = 0;
				GCC_PREPROCESSOR_DEFINITIONS = (
					"DEBUG=1",
					"$(inherited)",
				);
				GCC_WARN_64_TO_32_BIT_CONVERSION = YES;
				GCC_WARN_ABOUT_RETURN_TYPE = YES_ERROR;
				GCC_WARN_UNDECLARED_SELECTOR = YES;
				GCC_WARN_UNINITIALIZED_AUTOS = YES_AGGRESSIVE;
				GCC_WARN_UNUSED_FUNCTION = YES;
				GCC_WARN_UNUSED_VARIABLE = YES;
				IPHONEOS_DEPLOYMENT_TARGET = 18.1;
				LOCALIZATION_PREFERS_STRING_CATALOGS = YES;
				MTL_ENABLE_DEBUG_INFO = INCLUDE_SOURCE;
				MTL_FAST_MATH = YES;
				ONLY_ACTIVE_ARCH = YES;
				SDKROOT = iphoneos;
				SWIFT_ACTIVE_COMPILATION_CONDITIONS = "DEBUG $(inherited)";
				SWIFT_OPTIMIZATION_LEVEL = "-Onone";
			};
			name = Debug;
		};
		3AAD77652D94687600509112 /* Release */ = {
			isa = XCBuildConfiguration;
			buildSettings = {
				ALWAYS_SEARCH_USER_PATHS = NO;
				ASSETCATALOG_COMPILER_GENERATE_SWIFT_ASSET_SYMBOL_EXTENSIONS = YES;
				CLANG_ANALYZER_NONNULL = YES;
				CLANG_ANALYZER_NUMBER_OBJECT_CONVERSION = YES_AGGRESSIVE;
				CLANG_CXX_LANGUAGE_STANDARD = "gnu++20";
				CLANG_ENABLE_MODULES = YES;
				CLANG_ENABLE_OBJC_ARC = YES;
				CLANG_ENABLE_OBJC_WEAK = YES;
				CLANG_WARN_BLOCK_CAPTURE_AUTORELEASING = YES;
				CLANG_WARN_BOOL_CONVERSION = YES;
				CLANG_WARN_COMMA = YES;
				CLANG_WARN_CONSTANT_CONVERSION = YES;
				CLANG_WARN_DEPRECATED_OBJC_IMPLEMENTATIONS = YES;
				CLANG_WARN_DIRECT_OBJC_ISA_USAGE = YES_ERROR;
				CLANG_WARN_DOCUMENTATION_COMMENTS = YES;
				CLANG_WARN_EMPTY_BODY = YES;
				CLANG_WARN_ENUM_CONVERSION = YES;
				CLANG_WARN_INFINITE_RECURSION = YES;
				CLANG_WARN_INT_CONVERSION = YES;
				CLANG_WARN_NON_LITERAL_NULL_CONVERSION = YES;
				CLANG_WARN_OBJC_IMPLICIT_RETAIN_SELF = YES;
				CLANG_WARN_OBJC_LITERAL_CONVERSION = YES;
				CLANG_WARN_OBJC_ROOT_CLASS = YES_ERROR;
				CLANG_WARN_QUOTED_INCLUDE_IN_FRAMEWORK_HEADER = YES;
				CLANG_WARN_RANGE_LOOP_ANALYSIS = YES;
				CLANG_WARN_STRICT_PROTOTYPES = YES;
				CLANG_WARN_SUSPICIOUS_MOVE = YES;
				CLANG_WARN_UNGUARDED_AVAILABILITY = YES_AGGRESSIVE;
				CLANG_WARN_UNREACHABLE_CODE = YES;
				CLANG_WARN__DUPLICATE_METHOD_MATCH = YES;
				COPY_PHASE_STRIP = NO;
				DEBUG_INFORMATION_FORMAT = "dwarf-with-dsym";
				ENABLE_NS_ASSERTIONS = NO;
				ENABLE_STRICT_OBJC_MSGSEND = YES;
				ENABLE_USER_SCRIPT_SANDBOXING = YES;
				GCC_C_LANGUAGE_STANDARD = gnu17;
				GCC_NO_COMMON_BLOCKS = YES;
				GCC_WARN_64_TO_32_BIT_CONVERSION = YES;
				GCC_WARN_ABOUT_RETURN_TYPE = YES_ERROR;
				GCC_WARN_UNDECLARED_SELECTOR = YES;
				GCC_WARN_UNINITIALIZED_AUTOS = YES_AGGRESSIVE;
				GCC_WARN_UNUSED_FUNCTION = YES;
				GCC_WARN_UNUSED_VARIABLE = YES;
				IPHONEOS_DEPLOYMENT_TARGET = 18.1;
				LOCALIZATION_PREFERS_STRING_CATALOGS = YES;
				MTL_ENABLE_DEBUG_INFO = NO;
				MTL_FAST_MATH = YES;
				SDKROOT = iphoneos;
				SWIFT_COMPILATION_MODE = wholemodule;
				VALIDATE_PRODUCT = YES;
			};
			name = Release;
		};
		3AAD77672D94687600509112 /* Debug */ = {
			isa = XCBuildConfiguration;
			buildSettings = {
				BUNDLE_LOADER = "$(TEST_HOST)";
				CODE_SIGN_STYLE = Automatic;
				CURRENT_PROJECT_VERSION = 1;
				DEVELOPMENT_TEAM = LWU8V4B258;
				GENERATE_INFOPLIST_FILE = YES;
				IPHONEOS_DEPLOYMENT_TARGET = 15.6;
				MARKETING_VERSION = 1.0;
				PRODUCT_BUNDLE_IDENTIFIER = "com.cowrywise-currency-konvatTests";
				PRODUCT_NAME = "$(TARGET_NAME)";
				SWIFT_EMIT_LOC_STRINGS = NO;
				SWIFT_VERSION = 5.0;
				TARGETED_DEVICE_FAMILY = "1,2";
				TEST_HOST = "$(BUILT_PRODUCTS_DIR)/cowrywise-currency-konvat.app/$(BUNDLE_EXECUTABLE_FOLDER_PATH)/cowrywise-currency-konvat";
			};
			name = Debug;
		};
		3AAD77682D94687600509112 /* Release */ = {
			isa = XCBuildConfiguration;
			buildSettings = {
				BUNDLE_LOADER = "$(TEST_HOST)";
				CODE_SIGN_STYLE = Automatic;
				CURRENT_PROJECT_VERSION = 1;
				DEVELOPMENT_TEAM = LWU8V4B258;
				GENERATE_INFOPLIST_FILE = YES;
				IPHONEOS_DEPLOYMENT_TARGET = 15.6;
				MARKETING_VERSION = 1.0;
				PRODUCT_BUNDLE_IDENTIFIER = "com.cowrywise-currency-konvatTests";
				PRODUCT_NAME = "$(TARGET_NAME)";
				SWIFT_EMIT_LOC_STRINGS = NO;
				SWIFT_VERSION = 5.0;
				TARGETED_DEVICE_FAMILY = "1,2";
				TEST_HOST = "$(BUILT_PRODUCTS_DIR)/cowrywise-currency-konvat.app/$(BUNDLE_EXECUTABLE_FOLDER_PATH)/cowrywise-currency-konvat";
			};
			name = Release;
		};
		3AAD776A2D94687600509112 /* Debug */ = {
			isa = XCBuildConfiguration;
			buildSettings = {
				CODE_SIGN_STYLE = Automatic;
				CURRENT_PROJECT_VERSION = 1;
				DEVELOPMENT_TEAM = LWU8V4B258;
				GENERATE_INFOPLIST_FILE = YES;
				IPHONEOS_DEPLOYMENT_TARGET = 15.6;
				MARKETING_VERSION = 1.0;
				PRODUCT_BUNDLE_IDENTIFIER = "com.cowrywise-currency-konvatUITests";
				PRODUCT_NAME = "$(TARGET_NAME)";
				SWIFT_EMIT_LOC_STRINGS = NO;
				SWIFT_VERSION = 5.0;
				TARGETED_DEVICE_FAMILY = "1,2";
				TEST_TARGET_NAME = "cowrywise-currency-konvat";
			};
			name = Debug;
		};
		3AAD776B2D94687600509112 /* Release */ = {
			isa = XCBuildConfiguration;
			buildSettings = {
				CODE_SIGN_STYLE = Automatic;
				CURRENT_PROJECT_VERSION = 1;
				DEVELOPMENT_TEAM = LWU8V4B258;
				GENERATE_INFOPLIST_FILE = YES;
				IPHONEOS_DEPLOYMENT_TARGET = 15.6;
				MARKETING_VERSION = 1.0;
				PRODUCT_BUNDLE_IDENTIFIER = "com.cowrywise-currency-konvatUITests";
				PRODUCT_NAME = "$(TARGET_NAME)";
				SWIFT_EMIT_LOC_STRINGS = NO;
				SWIFT_VERSION = 5.0;
				TARGETED_DEVICE_FAMILY = "1,2";
				TEST_TARGET_NAME = "cowrywise-currency-konvat";
			};
			name = Release;
		};
/* End XCBuildConfiguration section */

/* Begin XCConfigurationList section */
		3AAD77332D94687200509112 /* Build configuration list for PBXProject "cowrywise-currency-konvat" */ = {
			isa = XCConfigurationList;
			buildConfigurations = (
				3AAD77642D94687600509112 /* Debug */,
				3AAD77652D94687600509112 /* Release */,
			);
			defaultConfigurationIsVisible = 0;
			defaultConfigurationName = Release;
		};
		3AAD77612D94687600509112 /* Build configuration list for PBXNativeTarget "cowrywise-currency-konvat" */ = {
			isa = XCConfigurationList;
			buildConfigurations = (
				3AAD77622D94687600509112 /* Debug */,
				3AAD77632D94687600509112 /* Release */,
			);
			defaultConfigurationIsVisible = 0;
			defaultConfigurationName = Release;
		};
		3AAD77662D94687600509112 /* Build configuration list for PBXNativeTarget "cowrywise-currency-konvatTests" */ = {
			isa = XCConfigurationList;
			buildConfigurations = (
				3AAD77672D94687600509112 /* Debug */,
				3AAD77682D94687600509112 /* Release */,
			);
			defaultConfigurationIsVisible = 0;
			defaultConfigurationName = Release;
		};
		3AAD77692D94687600509112 /* Build configuration list for PBXNativeTarget "cowrywise-currency-konvatUITests" */ = {
			isa = XCConfigurationList;
			buildConfigurations = (
				3AAD776A2D94687600509112 /* Debug */,
				3AAD776B2D94687600509112 /* Release */,
			);
			defaultConfigurationIsVisible = 0;
			defaultConfigurationName = Release;
		};
/* End XCConfigurationList section */

/* Begin XCRemoteSwiftPackageReference section */
		3AAD78602D94708E00509112 /* XCRemoteSwiftPackageReference "Alamofire" */ = {
			isa = XCRemoteSwiftPackageReference;
			repositoryURL = "https://github.com/Alamofire/Alamofire";
			requirement = {
				branch = master;
				kind = branch;
			};
		};
		3AAD78632D9470B100509112 /* XCRemoteSwiftPackageReference "ObjectMapper" */ = {
			isa = XCRemoteSwiftPackageReference;
			repositoryURL = "https://github.com/tristanhimmelman/ObjectMapper";
			requirement = {
				kind = upToNextMajorVersion;
				minimumVersion = 4.4.3;
			};
		};
		3AAD78662D94714100509112 /* XCRemoteSwiftPackageReference "IQKeyboardManager" */ = {
			isa = XCRemoteSwiftPackageReference;
			repositoryURL = "https://github.com/hackiftekhar/IQKeyboardManager.git";
			requirement = {
				kind = exactVersion;
				version = 6.5.16;
			};
		};
		3ACAAB942D95595A005DB7F1 /* XCRemoteSwiftPackageReference "SideMenu" */ = {
			isa = XCRemoteSwiftPackageReference;
			repositoryURL = "https://github.com/jonkykong/SideMenu";
			requirement = {
				kind = upToNextMajorVersion;
				minimumVersion = 6.5.0;
			};
		};
/* End XCRemoteSwiftPackageReference section */

/* Begin XCSwiftPackageProductDependency section */
		3AAD78612D94708E00509112 /* Alamofire */ = {
			isa = XCSwiftPackageProductDependency;
			package = 3AAD78602D94708E00509112 /* XCRemoteSwiftPackageReference "Alamofire" */;
			productName = Alamofire;
		};
		3AAD78642D9470B100509112 /* ObjectMapper */ = {
			isa = XCSwiftPackageProductDependency;
			package = 3AAD78632D9470B100509112 /* XCRemoteSwiftPackageReference "ObjectMapper" */;
			productName = ObjectMapper;
		};
		3AAD78672D94714100509112 /* IQKeyboardManagerSwift */ = {
			isa = XCSwiftPackageProductDependency;
			package = 3AAD78662D94714100509112 /* XCRemoteSwiftPackageReference "IQKeyboardManager" */;
			productName = IQKeyboardManagerSwift;
		};
		3ACAAB952D95595A005DB7F1 /* SideMenu */ = {
			isa = XCSwiftPackageProductDependency;
			package = 3ACAAB942D95595A005DB7F1 /* XCRemoteSwiftPackageReference "SideMenu" */;
			productName = SideMenu;
		};
/* End XCSwiftPackageProductDependency section */
	};
	rootObject = 3AAD77302D94687200509112 /* Project object */;
}
