{
  "originHash" : "f4aff933eedba04dd9989e302934112b3cc51fd7ba60c0bdf90e2c5a19bddd9b",
  "pins" : [
    {
      "identity" : "alamofire",
      "kind" : "remoteSourceControl",
      "location" : "https://github.com/Alamofire/Alamofire",
      "state" : {
        "branch" : "master",
        "revision" : "2e7a741fc2af29bd833eddd45ee8c461987ff250"
      }
    },
    {
      "identity" : "iqkeyboardmanager",
      "kind" : "remoteSourceControl",
      "location" : "https://github.com/hackiftekhar/IQKeyboardManager.git",
      "state" : {
        "revision" : "c00b1ae9fa1ad8af4465bb6ca901f6943fc98eba",
        "version" : "6.5.16"
      }
    },
    {
      "identity" : "objectmapper",
      "kind" : "remoteSourceControl",
      "location" : "https://github.com/tristanhimmelman/ObjectMapper",
      "state" : {
        "revision" : "6021c6035e83a306047348666f6400dc61445d3b",
        "version" : "4.4.3"
      }
    },
    {
      "identity" : "sidemenu",
      "kind" : "remoteSourceControl",
      "location" : "https://github.com/jonkykong/SideMenu",
      "state" : {
        "revision" : "8bd4fd128923cf5494fa726839af8afe12908ad9",
        "version" : "6.5.0"
      }
    }
  ],
  "version" : 3
}
